
Microsoft Visual Studio Solution File, Format Version 12.00
# Visual Studio Version 16
VisualStudioVersion = 16.0.30011.22
MinimumVisualStudioVersion = 10.0.40219.1
Project("{9A19103F-16F7-4668-BE54-9A1E7A4F7556}") = "ShareMyPhoto.com", "ShareMyPhoto.com\ShareMyPhoto.com.csproj", "{2CA5D68F-C225-4F9A-BBF0-1FF517E3B89B}"
EndProject
Project("{9A19103F-16F7-4668-BE54-9A1E7A4F7556}") = "ShareMyPhoto.lib", "ShareMyPhoto.lib\ShareMyPhoto.lib.csproj", "{DF935C6E-15F7-4DCE-B0D1-13BAFBB5C8E5}"
EndProject
Project("{9A19103F-16F7-4668-BE54-9A1E7A4F7556}") = "ShareMyPhoto.models", "ShareMyPhoto.models\ShareMyPhoto.models.csproj", "{1229D9B9-CD06-450A-BDA2-1D30F5CDAF49}"
EndProject
Global
	GlobalSection(SolutionConfigurationPlatforms) = preSolution
		Debug|Any CPU = Debug|Any CPU
		Release|Any CPU = Release|Any CPU
	EndGlobalSection
	GlobalSection(ProjectConfigurationPlatforms) = postSolution
		{2CA5D68F-C225-4F9A-BBF0-1FF517E3B89B}.Debug|Any CPU.ActiveCfg = Debug|Any CPU
		{2CA5D68F-C225-4F9A-BBF0-1FF517E3B89B}.Debug|Any CPU.Build.0 = Debug|Any CPU
		{2CA5D68F-C225-4F9A-BBF0-1FF517E3B89B}.Release|Any CPU.ActiveCfg = Debug|Any CPU
		{2CA5D68F-C225-4F9A-BBF0-1FF517E3B89B}.Release|Any CPU.Build.0 = Debug|Any CPU
		{DF935C6E-15F7-4DCE-B0D1-13BAFBB5C8E5}.Debug|Any CPU.ActiveCfg = Debug|Any CPU
		{DF935C6E-15F7-4DCE-B0D1-13BAFBB5C8E5}.Debug|Any CPU.Build.0 = Debug|Any CPU
		{DF935C6E-15F7-4DCE-B0D1-13BAFBB5C8E5}.Release|Any CPU.ActiveCfg = Debug|Any CPU
		{DF935C6E-15F7-4DCE-B0D1-13BAFBB5C8E5}.Release|Any CPU.Build.0 = Debug|Any CPU
		{1229D9B9-CD06-450A-BDA2-1D30F5CDAF49}.Debug|Any CPU.ActiveCfg = Debug|Any CPU
		{1229D9B9-CD06-450A-BDA2-1D30F5CDAF49}.Debug|Any CPU.Build.0 = Debug|Any CPU
		{1229D9B9-CD06-450A-BDA2-1D30F5CDAF49}.Release|Any CPU.ActiveCfg = Debug|Any CPU
		{1229D9B9-CD06-450A-BDA2-1D30F5CDAF49}.Release|Any CPU.Build.0 = Debug|Any CPU
	EndGlobalSection
	GlobalSection(SolutionProperties) = preSolution
		HideSolutionNode = FALSE
	EndGlobalSection
	GlobalSection(ExtensibilityGlobals) = postSolution
		SolutionGuid = {6D9BFBB2-6DB2-4FC9-8738-BD2E34A0D348}
	EndGlobalSection
EndGlobal
